<?xml version="1.0" encoding="utf-8"?>
<Project ToolsVersion="4.0" xmlns="http://schemas.microsoft.com/developer/msbuild/2003">
  <ItemGroup>
    <CudaCompile Include="includes\simulation\pbf_kernels.cuh" />
    <CudaCompile Include="src\simulation\position_based_fluid_simulator.cu" />
    <CudaCompile Include="src\simulation\pbf_kernels.cu" />
    <CudaCompile Include="includes\simulation\pbf_smoothing_kernels.cuh" />
  </ItemGroup>
  <ItemGroup>
    <ClCompile Include="..\common\src\glad.c" />
    <ClCompile Include="src\input.cpp" />
    <ClCompile Include="src\main.cpp" />
    <ClCompile Include="src\rendering\renderer.cpp" />
    <ClCompile Include="src\rendering\shader.cpp" />
    <ClCompile Include="src\rendering\camera.cpp" />
    <ClCompile Include="src\simulation\position_based_fluid_simulator.cpp" />
    <ClCompile Include="src\simulation\particle_system.cpp" />
    <ClCompile Include="src\simulation\simulation_parameters.cpp" />
    <ClCompile Include="src\rendering\smooth_renderer.cpp" />
    <ClCompile Include="src\rendering\rendering_parameters.cpp" />
    <ClCompile Include="src\simulation\providers\cube_provider.cpp" />
    <ClCompile Include="src\simulation\providers\sphere_provider.cpp" />
    <ClCompile Include="src\utils.cpp" />
  </ItemGroup>
  <ItemGroup>
    <ClInclude Include="..\common\nanovg\src\fontstash.h" />
    <ClInclude Include="..\common\nanovg\src\stb_image.h" />
    <ClInclude Include="..\common\nanovg\src\stb_truetype.h" />
    <ClInclude Include="includes\rendering\camera.h" />
    <ClInclude Include="includes\input.h" />
    <ClInclude Include="includes\rendering\renderer.h" />
    <ClInclude Include="includes\rendering\shader.h" />
    <ClInclude Include="includes\simulation\position_based_fluid_simulator.h" />
    <ClInclude Include="includes\simulation\particle_system.h" />
    <ClInclude Include="includes\simulation\simulation_parameters.h" />
    <ClInclude Include="includes\rendering\smooth_renderer.h" />
    <ClInclude Include="includes\rendering\scroll_form_helper.h" />
    <ClInclude Include="includes\rendering\rendering_parameters.h" />
    <ClInclude Include="includes\simulation\converters.cuh" />
    <ClInclude Include="includes\simulation\updaters.cuh" />
    <ClInclude Include="includes\simulation\providers\i_particles_provider.h" />
    <ClInclude Include="includes\simulation\providers\cube_provider.h" />
    <ClInclude Include="includes\simulation\providers\sphere_provider.h" />
    <ClInclude Include="includes\utils.h" />
  </ItemGroup>
  <ItemGroup>
    <None Include="shaders\boundary.frag" />
    <None Include="shaders\boundary.vert" />
    <None Include="shaders\smooth_renderer\render_texture.frag" />
    <None Include="shaders\smooth_renderer\render_texture.vert" />
    <None Include="shaders\smooth_renderer\depth_smoothing_shader.frag" />
    <None Include="shaders\smooth_renderer\extract_normals_from_depth.frag" />
    <None Include="shaders\smooth_renderer\depth_smoothing_shader.vert" />
    <None Include="shaders\smooth_renderer\extract_normals_from_depth.vert" />
    <None Include="shaders\smooth_renderer\depth_shader.frag" />
    <None Include="shaders\smooth_renderer\depth_shader.vert" />
    <None Include="shaders\smooth_renderer\thickness_shader.frag" />
    <None Include="shaders\smooth_renderer\thickness_shader.vert" />
    <None Include="shaders\smooth_renderer\combined_rendering.frag" />
    <None Include="shaders\smooth_renderer\combined_rendering.vert" />
  </ItemGroup>
</Project>